
Microsoft Visual Studio Solution File, Format Version 12.00
# Visual Studio Version 17
VisualStudioVersion = 17.8.34322.80
MinimumVisualStudioVersion = 10.0.40219.1
Project("{FAE04EC0-301F-11D3-BF4B-00C04F79EFBC}") = "P01NarzedzieWebClient", "P01NarzedzieWebClient\P01NarzedzieWebClient.csproj", "{3C47ED2C-DE4B-432B-8323-7C6924AE8491}"
EndProject
Project("{FAE04EC0-301F-11D3-BF4B-00C04F79EFBC}") = "P02ZadaniePogoda", "P02ZadaniePogoda\P02ZadaniePogoda.csproj", "{67947758-9C4C-4A04-BD11-45DF623FA111}"
EndProject
Project("{FAE04EC0-301F-11D3-BF4B-00C04F79EFBC}") = "P03Tablice", "P03Tablice\P03Tablice.csproj", "{3635E01A-9BA7-4B62-8BE4-D67C5842B459}"
EndProject
Project("{FAE04EC0-301F-11D3-BF4B-00C04F79EFBC}") = "P04ZadanieTablice", "P04ZadanieTablice\P04ZadanieTablice.csproj", "{B7FF7275-50AD-4AFD-B4E3-4EB257E56C45}"
EndProject
Project("{FAE04EC0-301F-11D3-BF4B-00C04F79EFBC}") = "P05ObslugaBledow", "P05ObslugaBledow\P05ObslugaBledow.csproj", "{AB5FD5A3-A857-47ED-97CB-42E6280F3F15}"
EndProject
Project("{FAE04EC0-301F-11D3-BF4B-00C04F79EFBC}") = "P06KonwersjaTablicOrazNapisow", "P06KonwersjaTablicOrazNapisow\P06KonwersjaTablicOrazNapisow.csproj", "{BC01364F-C6B8-46CE-95E2-F552E47F291F}"
EndProject
Project("{FAE04EC0-301F-11D3-BF4B-00C04F79EFBC}") = "P07Listy", "P07Listy\P07Listy.csproj", "{8CE3AFB1-4A4E-440A-A8BE-0F9D5C4D7812}"
EndProject
Project("{FAE04EC0-301F-11D3-BF4B-00C04F79EFBC}") = "P08ZadanieListy", "P08ZadanieListy\P08ZadanieListy.csproj", "{1417089B-8BD9-4FCF-AF57-718C8F3AE5AE}"
EndProject
Project("{FAE04EC0-301F-11D3-BF4B-00C04F79EFBC}") = "P09ZadanieZawodnicy", "P09ZadanieZawodnicy\P09ZadanieZawodnicy.csproj", "{C789D9ED-BB12-412D-B6BE-7CAC8239DB9D}"
EndProject
Project("{FAE04EC0-301F-11D3-BF4B-00C04F79EFBC}") = "P10TabliceWielowymiarowe", "P10TabliceWielowymiarowe\P10TabliceWielowymiarowe.csproj", "{895EF96B-930D-4F25-B4B6-1EC0DEA23078}"
EndProject
Project("{FAE04EC0-301F-11D3-BF4B-00C04F79EFBC}") = "P11ZadanieTabliceWielowymiarowe", "P11ZadanieTabliceWielowymiarowe\P11ZadanieTabliceWielowymiarowe.csproj", "{26089A5B-779B-4A92-AD9F-501EF55CDB44}"
EndProject
Global
	GlobalSection(SolutionConfigurationPlatforms) = preSolution
		Debug|Any CPU = Debug|Any CPU
		Release|Any CPU = Release|Any CPU
	EndGlobalSection
	GlobalSection(ProjectConfigurationPlatforms) = postSolution
		{3C47ED2C-DE4B-432B-8323-7C6924AE8491}.Debug|Any CPU.ActiveCfg = Debug|Any CPU
		{3C47ED2C-DE4B-432B-8323-7C6924AE8491}.Debug|Any CPU.Build.0 = Debug|Any CPU
		{3C47ED2C-DE4B-432B-8323-7C6924AE8491}.Release|Any CPU.ActiveCfg = Release|Any CPU
		{3C47ED2C-DE4B-432B-8323-7C6924AE8491}.Release|Any CPU.Build.0 = Release|Any CPU
		{67947758-9C4C-4A04-BD11-45DF623FA111}.Debug|Any CPU.ActiveCfg = Debug|Any CPU
		{67947758-9C4C-4A04-BD11-45DF623FA111}.Debug|Any CPU.Build.0 = Debug|Any CPU
		{67947758-9C4C-4A04-BD11-45DF623FA111}.Release|Any CPU.ActiveCfg = Release|Any CPU
		{67947758-9C4C-4A04-BD11-45DF623FA111}.Release|Any CPU.Build.0 = Release|Any CPU
		{3635E01A-9BA7-4B62-8BE4-D67C5842B459}.Debug|Any CPU.ActiveCfg = Debug|Any CPU
		{3635E01A-9BA7-4B62-8BE4-D67C5842B459}.Debug|Any CPU.Build.0 = Debug|Any CPU
		{3635E01A-9BA7-4B62-8BE4-D67C5842B459}.Release|Any CPU.ActiveCfg = Release|Any CPU
		{3635E01A-9BA7-4B62-8BE4-D67C5842B459}.Release|Any CPU.Build.0 = Release|Any CPU
		{B7FF7275-50AD-4AFD-B4E3-4EB257E56C45}.Debug|Any CPU.ActiveCfg = Debug|Any CPU
		{B7FF7275-50AD-4AFD-B4E3-4EB257E56C45}.Debug|Any CPU.Build.0 = Debug|Any CPU
		{B7FF7275-50AD-4AFD-B4E3-4EB257E56C45}.Release|Any CPU.ActiveCfg = Release|Any CPU
		{B7FF7275-50AD-4AFD-B4E3-4EB257E56C45}.Release|Any CPU.Build.0 = Release|Any CPU
		{AB5FD5A3-A857-47ED-97CB-42E6280F3F15}.Debug|Any CPU.ActiveCfg = Debug|Any CPU
		{AB5FD5A3-A857-47ED-97CB-42E6280F3F15}.Debug|Any CPU.Build.0 = Debug|Any CPU
		{AB5FD5A3-A857-47ED-97CB-42E6280F3F15}.Release|Any CPU.ActiveCfg = Release|Any CPU
		{AB5FD5A3-A857-47ED-97CB-42E6280F3F15}.Release|Any CPU.Build.0 = Release|Any CPU
		{BC01364F-C6B8-46CE-95E2-F552E47F291F}.Debug|Any CPU.ActiveCfg = Debug|Any CPU
		{BC01364F-C6B8-46CE-95E2-F552E47F291F}.Debug|Any CPU.Build.0 = Debug|Any CPU
		{BC01364F-C6B8-46CE-95E2-F552E47F291F}.Release|Any CPU.ActiveCfg = Release|Any CPU
		{BC01364F-C6B8-46CE-95E2-F552E47F291F}.Release|Any CPU.Build.0 = Release|Any CPU
		{8CE3AFB1-4A4E-440A-A8BE-0F9D5C4D7812}.Debug|Any CPU.ActiveCfg = Debug|Any CPU
		{8CE3AFB1-4A4E-440A-A8BE-0F9D5C4D7812}.Debug|Any CPU.Build.0 = Debug|Any CPU
		{8CE3AFB1-4A4E-440A-A8BE-0F9D5C4D7812}.Release|Any CPU.ActiveCfg = Release|Any CPU
		{8CE3AFB1-4A4E-440A-A8BE-0F9D5C4D7812}.Release|Any CPU.Build.0 = Release|Any CPU
		{1417089B-8BD9-4FCF-AF57-718C8F3AE5AE}.Debug|Any CPU.ActiveCfg = Debug|Any CPU
		{1417089B-8BD9-4FCF-AF57-718C8F3AE5AE}.Debug|Any CPU.Build.0 = Debug|Any CPU
		{1417089B-8BD9-4FCF-AF57-718C8F3AE5AE}.Release|Any CPU.ActiveCfg = Release|Any CPU
		{1417089B-8BD9-4FCF-AF57-718C8F3AE5AE}.Release|Any CPU.Build.0 = Release|Any CPU
		{C789D9ED-BB12-412D-B6BE-7CAC8239DB9D}.Debug|Any CPU.ActiveCfg = Debug|Any CPU
		{C789D9ED-BB12-412D-B6BE-7CAC8239DB9D}.Debug|Any CPU.Build.0 = Debug|Any CPU
		{C789D9ED-BB12-412D-B6BE-7CAC8239DB9D}.Release|Any CPU.ActiveCfg = Release|Any CPU
		{C789D9ED-BB12-412D-B6BE-7CAC8239DB9D}.Release|Any CPU.Build.0 = Release|Any CPU
		{895EF96B-930D-4F25-B4B6-1EC0DEA23078}.Debug|Any CPU.ActiveCfg = Debug|Any CPU
		{895EF96B-930D-4F25-B4B6-1EC0DEA23078}.Debug|Any CPU.Build.0 = Debug|Any CPU
		{895EF96B-930D-4F25-B4B6-1EC0DEA23078}.Release|Any CPU.ActiveCfg = Release|Any CPU
		{895EF96B-930D-4F25-B4B6-1EC0DEA23078}.Release|Any CPU.Build.0 = Release|Any CPU
		{26089A5B-779B-4A92-AD9F-501EF55CDB44}.Debug|Any CPU.ActiveCfg = Debug|Any CPU
		{26089A5B-779B-4A92-AD9F-501EF55CDB44}.Debug|Any CPU.Build.0 = Debug|Any CPU
		{26089A5B-779B-4A92-AD9F-501EF55CDB44}.Release|Any CPU.ActiveCfg = Release|Any CPU
		{26089A5B-779B-4A92-AD9F-501EF55CDB44}.Release|Any CPU.Build.0 = Release|Any CPU
	EndGlobalSection
	GlobalSection(SolutionProperties) = preSolution
		HideSolutionNode = FALSE
	EndGlobalSection
	GlobalSection(ExtensibilityGlobals) = postSolution
		SolutionGuid = {2DCFBC3C-A26F-4324-8DEF-7372FC107558}
	EndGlobalSection
EndGlobal
