
Microsoft Visual Studio Solution File, Format Version 12.00
# Visual Studio Version 17
VisualStudioVersion = 17.8.34322.80
MinimumVisualStudioVersion = 10.0.40219.1
Project("{FAE04EC0-301F-11D3-BF4B-00C04F79EFBC}") = "P01NarzedzieWebClient", "P01NarzedzieWebClient\P01NarzedzieWebClient.csproj", "{3C47ED2C-DE4B-432B-8323-7C6924AE8491}"
EndProject
Project("{FAE04EC0-301F-11D3-BF4B-00C04F79EFBC}") = "P02ZadaniePogoda", "P02ZadaniePogoda\P02ZadaniePogoda.csproj", "{67947758-9C4C-4A04-BD11-45DF623FA111}"
EndProject
Global
	GlobalSection(SolutionConfigurationPlatforms) = preSolution
		Debug|Any CPU = Debug|Any CPU
		Release|Any CPU = Release|Any CPU
	EndGlobalSection
	GlobalSection(ProjectConfigurationPlatforms) = postSolution
		{3C47ED2C-DE4B-432B-8323-7C6924AE8491}.Debug|Any CPU.ActiveCfg = Debug|Any CPU
		{3C47ED2C-DE4B-432B-8323-7C6924AE8491}.Debug|Any CPU.Build.0 = Debug|Any CPU
		{3C47ED2C-DE4B-432B-8323-7C6924AE8491}.Release|Any CPU.ActiveCfg = Release|Any CPU
		{3C47ED2C-DE4B-432B-8323-7C6924AE8491}.Release|Any CPU.Build.0 = Release|Any CPU
		{67947758-9C4C-4A04-BD11-45DF623FA111}.Debug|Any CPU.ActiveCfg = Debug|Any CPU
		{67947758-9C4C-4A04-BD11-45DF623FA111}.Debug|Any CPU.Build.0 = Debug|Any CPU
		{67947758-9C4C-4A04-BD11-45DF623FA111}.Release|Any CPU.ActiveCfg = Release|Any CPU
		{67947758-9C4C-4A04-BD11-45DF623FA111}.Release|Any CPU.Build.0 = Release|Any CPU
	EndGlobalSection
	GlobalSection(SolutionProperties) = preSolution
		HideSolutionNode = FALSE
	EndGlobalSection
	GlobalSection(ExtensibilityGlobals) = postSolution
		SolutionGuid = {2DCFBC3C-A26F-4324-8DEF-7372FC107558}
	EndGlobalSection
EndGlobal
